{
    "name": "nodejs",
    "version": "1.0.0",
    "lockfileVersion": 3,
    "requires": true,
    "packages": {
        "": {
            "name": "nodejs",
            "version": "1.0.0",
            "license": "ISC",
            "dependencies": {
                "@types/node": "^18.0.6",
                "lucky": "^1.1.0",
                "node-fetch": "^3.2.6",
                "one-liner-joke": "^1.2.2",
                "supervillains": "^3.1.0"
            }
        },
        "node_modules/@types/node": {
            "version": "18.16.0",
            "resolved": "https://registry.npmjs.org/@types/node/-/node-18.16.0.tgz",
            "integrity": "sha512-BsAaKhB+7X+H4GnSjGhJG9Qi8Tw+inU9nJDwmD5CgOmBLEI6ArdhikpLX7DjbjDRDTbqZzU2LSQNZg8WGPiSZQ=="
        },
        "node_modules/colors-mini": {
            "version": "1.0.2",
            "resolved": "https://registry.npmjs.org/colors-mini/-/colors-mini-1.0.2.tgz",
            "integrity": "sha512-h/GBKEgbYUYkvlB1RlDUyd47ZQGEmJhSznziOo+q9DIL60AyAqPd/ROYZQWyy9FcadCbpPWLkpWD9pGiW1pXYA==",
            "engines": {
                "node": ">=0.10"
            }
        },
        "node_modules/commander": {
            "version": "2.20.3",
            "resolved": "https://registry.npmjs.org/commander/-/commander-2.20.3.tgz",
            "integrity": "sha512-GpVkmM8vF2vQUkj2LvZmD35JxeJOLCwJ9cUkugyk2nuhbv3+mJvpLYYt+0+USMxE+oj+ey/lJEnhZw75x/OMcQ=="
        },
        "node_modules/data-uri-to-buffer": {
            "version": "4.0.1",
            "resolved": "https://registry.npmjs.org/data-uri-to-buffer/-/data-uri-to-buffer-4.0.1.tgz",
            "integrity": "sha512-0R9ikRb668HB7QDxT1vkpuUBtqc53YyAwMwGeUFKRojY/NWKvdZ+9UYtRfGmhqNbRkTSVpMbmyhXipFFv2cb/A==",
            "engines": {
                "node": ">= 12"
            }
        },
        "node_modules/fetch-blob": {
            "version": "3.2.0",
            "resolved": "https://registry.npmjs.org/fetch-blob/-/fetch-blob-3.2.0.tgz",
            "integrity": "sha512-7yAQpD2UMJzLi1Dqv7qFYnPbaPx7ZfFK6PiIxQ4PfkGPyNyl2Ugx+a/umUonmKqjhM4DnfbMvdX6otXq83soQQ==",
            "funding": [
                {
                    "type": "github",
                    "url": "https://github.com/sponsors/jimmywarting"
                },
                {
                    "type": "paypal",
                    "url": "https://paypal.me/jimmywarting"
                }
            ],
            "dependencies": {
                "node-domexception": "^1.0.0",
                "web-streams-polyfill": "^3.0.3"
            },
            "engines": {
                "node": "^12.20 || >= 14.13"
            }
        },
        "node_modules/formdata-polyfill": {
            "version": "4.0.10",
            "resolved": "https://registry.npmjs.org/formdata-polyfill/-/formdata-polyfill-4.0.10.tgz",
            "integrity": "sha512-buewHzMvYL29jdeQTVILecSaZKnt/RJWjoZCF5OW60Z67/GmSLBkOFM7qh1PI3zFNtJbaZL5eQu1vLfazOwj4g==",
            "dependencies": {
                "fetch-blob": "^3.1.2"
            },
            "engines": {
                "node": ">=12.20.0"
            }
        },
        "node_modules/lucky": {
            "version": "1.1.0",
            "resolved": "https://registry.npmjs.org/lucky/-/lucky-1.1.0.tgz",
            "integrity": "sha512-0ZnLmpWK9v20zttNnKtGYZ4V//Nz9OybEQorUFKe7S1Gs4JEmyGCJ6fpKBqMzC0k5OiCtmCl7SdLODxTbI9kPw==",
            "dependencies": {
                "colors-mini": "^1.0.2",
                "commander": "^2.9.0"
            },
            "bin": {
                "lucky": "bin/lucky.js"
            },
            "engines": {
                "node": "*"
            }
        },
        "node_modules/node-domexception": {
            "version": "1.0.0",
            "resolved": "https://registry.npmjs.org/node-domexception/-/node-domexception-1.0.0.tgz",
            "integrity": "sha512-/jKZoMpw0F8GRwl4/eLROPA3cfcXtLApP0QzLmUT/HuPCZWyB7IY9ZrMeKw2O/nFIqPQB3PVM9aYm0F312AXDQ==",
            "funding": [
                {
                    "type": "github",
                    "url": "https://github.com/sponsors/jimmywarting"
                },
                {
                    "type": "github",
                    "url": "https://paypal.me/jimmywarting"
                }
            ],
            "engines": {
                "node": ">=10.5.0"
            }
        },
        "node_modules/node-fetch": {
            "version": "3.3.1",
            "resolved": "https://registry.npmjs.org/node-fetch/-/node-fetch-3.3.1.tgz",
            "integrity": "sha512-cRVc/kyto/7E5shrWca1Wsea4y6tL9iYJE5FBCius3JQfb/4P4I295PfhgbJQBLTx6lATE4z+wK0rPM4VS2uow==",
            "dependencies": {
                "data-uri-to-buffer": "^4.0.0",
                "fetch-blob": "^3.1.4",
                "formdata-polyfill": "^4.0.10"
            },
            "engines": {
                "node": "^12.20.0 || ^14.13.1 || >=16.0.0"
            },
            "funding": {
                "type": "opencollective",
                "url": "https://opencollective.com/node-fetch"
            }
        },
        "node_modules/one-liner-joke": {
            "version": "1.2.2",
            "resolved": "https://registry.npmjs.org/one-liner-joke/-/one-liner-joke-1.2.2.tgz",
            "integrity": "sha512-ELNnmMtLPmp3b85J0FGm7i4Q5vfqPNefj6r5oMsk9OgrC3iaccIyn8FInVSsG3nGud4XIDqUKesLcGRCxoU2Zw==",
            "engines": {
                "node": ">=6.0.0"
            }
        },
        "node_modules/supervillains": {
            "version": "3.1.0",
            "resolved": "https://registry.npmjs.org/supervillains/-/supervillains-3.1.0.tgz",
            "integrity": "sha512-FQGzZ8bp8SgxXf25/Uo94qRxDtGvGFuDEqO8n5h2x0YDIKKmRHkZ1IIf/hIGhiAQH09deS/puTSPNwjQpNgTgw==",
            "dependencies": {
                "unique-random-array": "^2.0.0"
            },
            "engines": {
                "node": ">=8"
            }
        },
        "node_modules/unique-random": {
            "version": "2.1.0",
            "resolved": "https://registry.npmjs.org/unique-random/-/unique-random-2.1.0.tgz",
            "integrity": "sha512-iQ1ZgWac3b8YxGThecQFRQiqgk6xFERRwHZIWeVVsqlbmgCRl0PY13R4mUkodNgctmg5b5odG1nyW/IbOxQTqg==",
            "engines": {
                "node": ">=6"
            }
        },
        "node_modules/unique-random-array": {
            "version": "2.0.0",
            "resolved": "https://registry.npmjs.org/unique-random-array/-/unique-random-array-2.0.0.tgz",
            "integrity": "sha512-xR87O95fZ7hljw84J8r1YDXrvffPLWN513BNOP4Bv0KcgG5dyEUrHwsvP7mVAOKg4Y80uqRbpUk0GKr8il70qg==",
            "dependencies": {
                "unique-random": "^2.1.0"
            },
            "engines": {
                "node": ">=8"
            }
        },
        "node_modules/web-streams-polyfill": {
            "version": "3.2.1",
            "resolved": "https://registry.npmjs.org/web-streams-polyfill/-/web-streams-polyfill-3.2.1.tgz",
            "integrity": "sha512-e0MO3wdXWKrLbL0DgGnUV7WHVuw9OUvL4hjgnPkIeEvESk74gAITi5G606JtZPp39cd8HA9VQzCIvA49LpPN5Q==",
            "engines": {
                "node": ">= 8"
            }
        }
    }
}
